{
  "name": "spongebob",
  "version": "0.2.1",
  "lockfileVersion": 1,
  "requires": true,
  "dependencies": {
    "canvas": {
      "version": "1.6.11",
      "resolved": "https://registry.npmjs.org/canvas/-/canvas-1.6.11.tgz",
      "integrity": "sha512-ElVw5Uk8PReGpzXfDg6PDa+wntnZLGWWfdSHI0Pc8GyXiFbW13drSTzWU6C4E5QylHe+FnLqI7ngMRlp3eGZIQ==",
      "requires": {
        "nan": "^2.10.0"
      }
    },
    "fishingrod": {
      "version": "4.0.0",
      "resolved": "https://registry.npmjs.org/fishingrod/-/fishingrod-4.0.0.tgz",
      "integrity": "sha512-5BXiJOpw8qHgSZNrzKO5gqJ1xUaA2399I8YF5H5gkSwSje8/9h5eZ3k7yO7aHTFLu/auyoWY/rL1XL2jnkW0bg=="
    },
    "nan": {
      "version": "2.10.0",
      "resolved": "https://registry.npmjs.org/nan/-/nan-2.10.0.tgz",
      "integrity": "sha512-bAdJv7fBLhWC+/Bls0Oza+mvTaNQtP+1RyhhhvD95pgUJz6XM5IzgmxOkItJ9tkoCiplvAnXI1tNmmUD/eScyA=="
    }
  }
}
